
Microsoft Visual Studio Solution File, Format Version 12.00
# TcXaeShell Solution File, Format Version 11.00
VisualStudioVersion = 17.7.34302.85
MinimumVisualStudioVersion = 10.0.40219.1
Project("{B1E792BE-AA5F-4E3C-8C82-674BF9C0715B}") = "MX_HMIDemoPLC", "MX_HMIDemoPLC.tsproj", "{09104F2C-1356-451A-876A-738CCA020FCE}"
EndProject
Project("{23D6B0B7-CBAA-4070-A2AF-F2FCE2506A3D}") = "Motion Drive Manager", "..\Motion Drive Manager\Motion Drive Manager.tcdmproj", "{126ABC60-7D08-4031-BAF2-DC16F1AAA69B}"
EndProject
Global
	GlobalSection(SolutionConfigurationPlatforms) = preSolution
		Debug|TwinCAT CE7 (ARMV7) = Debug|TwinCAT CE7 (ARMV7)
		Debug|TwinCAT OS (ARMT2) = Debug|TwinCAT OS (ARMT2)
		Debug|TwinCAT OS (ARMV7-A) = Debug|TwinCAT OS (ARMV7-A)
		Debug|TwinCAT OS (ARMV7-M) = Debug|TwinCAT OS (ARMV7-M)
		Debug|TwinCAT OS (ARMV8-A) = Debug|TwinCAT OS (ARMV8-A)
		Debug|TwinCAT OS (x64) = Debug|TwinCAT OS (x64)
		Debug|TwinCAT OS (x64-E) = Debug|TwinCAT OS (x64-E)
		Debug|TwinCAT RT (x64) = Debug|TwinCAT RT (x64)
		Debug|TwinCAT RT (x86) = Debug|TwinCAT RT (x86)
		Release|TwinCAT CE7 (ARMV7) = Release|TwinCAT CE7 (ARMV7)
		Release|TwinCAT OS (ARMT2) = Release|TwinCAT OS (ARMT2)
		Release|TwinCAT OS (ARMV7-A) = Release|TwinCAT OS (ARMV7-A)
		Release|TwinCAT OS (ARMV7-M) = Release|TwinCAT OS (ARMV7-M)
		Release|TwinCAT OS (ARMV8-A) = Release|TwinCAT OS (ARMV8-A)
		Release|TwinCAT OS (x64) = Release|TwinCAT OS (x64)
		Release|TwinCAT OS (x64-E) = Release|TwinCAT OS (x64-E)
		Release|TwinCAT RT (x64) = Release|TwinCAT RT (x64)
		Release|TwinCAT RT (x86) = Release|TwinCAT RT (x86)
	EndGlobalSection
	GlobalSection(ProjectConfigurationPlatforms) = postSolution
		{09104F2C-1356-451A-876A-738CCA020FCE}.Debug|TwinCAT CE7 (ARMV7).ActiveCfg = Debug|TwinCAT OS (ARMV8-A)
		{09104F2C-1356-451A-876A-738CCA020FCE}.Debug|TwinCAT CE7 (ARMV7).Build.0 = Debug|TwinCAT OS (ARMV8-A)
		{09104F2C-1356-451A-876A-738CCA020FCE}.Debug|TwinCAT OS (ARMT2).ActiveCfg = Debug|TwinCAT OS (x64-E)
		{09104F2C-1356-451A-876A-738CCA020FCE}.Debug|TwinCAT OS (ARMT2).Build.0 = Debug|TwinCAT OS (x64-E)
		{09104F2C-1356-451A-876A-738CCA020FCE}.Debug|TwinCAT OS (ARMV7-A).ActiveCfg = Debug|TwinCAT OS (ARMV7-A)
		{09104F2C-1356-451A-876A-738CCA020FCE}.Debug|TwinCAT OS (ARMV7-A).Build.0 = Debug|TwinCAT OS (ARMV7-A)
		{09104F2C-1356-451A-876A-738CCA020FCE}.Debug|TwinCAT OS (ARMV7-M).ActiveCfg = Debug|TwinCAT OS (ARMV7-M)
		{09104F2C-1356-451A-876A-738CCA020FCE}.Debug|TwinCAT OS (ARMV7-M).Build.0 = Debug|TwinCAT OS (ARMV7-M)
		{09104F2C-1356-451A-876A-738CCA020FCE}.Debug|TwinCAT OS (ARMV8-A).ActiveCfg = Debug|TwinCAT OS (ARMV8-A)
		{09104F2C-1356-451A-876A-738CCA020FCE}.Debug|TwinCAT OS (ARMV8-A).Build.0 = Debug|TwinCAT OS (ARMV8-A)
		{09104F2C-1356-451A-876A-738CCA020FCE}.Debug|TwinCAT OS (x64).ActiveCfg = Debug|TwinCAT OS (x64)
		{09104F2C-1356-451A-876A-738CCA020FCE}.Debug|TwinCAT OS (x64).Build.0 = Debug|TwinCAT OS (x64)
		{09104F2C-1356-451A-876A-738CCA020FCE}.Debug|TwinCAT OS (x64-E).ActiveCfg = Debug|TwinCAT OS (x64-E)
		{09104F2C-1356-451A-876A-738CCA020FCE}.Debug|TwinCAT OS (x64-E).Build.0 = Debug|TwinCAT OS (x64-E)
		{09104F2C-1356-451A-876A-738CCA020FCE}.Debug|TwinCAT RT (x64).ActiveCfg = Debug|TwinCAT RT (x64)
		{09104F2C-1356-451A-876A-738CCA020FCE}.Debug|TwinCAT RT (x64).Build.0 = Debug|TwinCAT RT (x64)
		{09104F2C-1356-451A-876A-738CCA020FCE}.Debug|TwinCAT RT (x86).ActiveCfg = Debug|TwinCAT RT (x86)
		{09104F2C-1356-451A-876A-738CCA020FCE}.Debug|TwinCAT RT (x86).Build.0 = Debug|TwinCAT RT (x86)
		{09104F2C-1356-451A-876A-738CCA020FCE}.Release|TwinCAT CE7 (ARMV7).ActiveCfg = Release|TwinCAT OS (ARMV8-A)
		{09104F2C-1356-451A-876A-738CCA020FCE}.Release|TwinCAT CE7 (ARMV7).Build.0 = Release|TwinCAT OS (ARMV8-A)
		{09104F2C-1356-451A-876A-738CCA020FCE}.Release|TwinCAT OS (ARMT2).ActiveCfg = Release|TwinCAT OS (x64-E)
		{09104F2C-1356-451A-876A-738CCA020FCE}.Release|TwinCAT OS (ARMT2).Build.0 = Release|TwinCAT OS (x64-E)
		{09104F2C-1356-451A-876A-738CCA020FCE}.Release|TwinCAT OS (ARMV7-A).ActiveCfg = Release|TwinCAT OS (ARMV7-A)
		{09104F2C-1356-451A-876A-738CCA020FCE}.Release|TwinCAT OS (ARMV7-A).Build.0 = Release|TwinCAT OS (ARMV7-A)
		{09104F2C-1356-451A-876A-738CCA020FCE}.Release|TwinCAT OS (ARMV7-M).ActiveCfg = Release|TwinCAT OS (ARMV7-M)
		{09104F2C-1356-451A-876A-738CCA020FCE}.Release|TwinCAT OS (ARMV7-M).Build.0 = Release|TwinCAT OS (ARMV7-M)
		{09104F2C-1356-451A-876A-738CCA020FCE}.Release|TwinCAT OS (ARMV8-A).ActiveCfg = Release|TwinCAT OS (ARMV8-A)
		{09104F2C-1356-451A-876A-738CCA020FCE}.Release|TwinCAT OS (ARMV8-A).Build.0 = Release|TwinCAT OS (ARMV8-A)
		{09104F2C-1356-451A-876A-738CCA020FCE}.Release|TwinCAT OS (x64).ActiveCfg = Release|TwinCAT OS (x64)
		{09104F2C-1356-451A-876A-738CCA020FCE}.Release|TwinCAT OS (x64).Build.0 = Release|TwinCAT OS (x64)
		{09104F2C-1356-451A-876A-738CCA020FCE}.Release|TwinCAT OS (x64-E).ActiveCfg = Release|TwinCAT OS (x64-E)
		{09104F2C-1356-451A-876A-738CCA020FCE}.Release|TwinCAT OS (x64-E).Build.0 = Release|TwinCAT OS (x64-E)
		{09104F2C-1356-451A-876A-738CCA020FCE}.Release|TwinCAT RT (x64).ActiveCfg = Release|TwinCAT RT (x64)
		{09104F2C-1356-451A-876A-738CCA020FCE}.Release|TwinCAT RT (x64).Build.0 = Release|TwinCAT RT (x64)
		{09104F2C-1356-451A-876A-738CCA020FCE}.Release|TwinCAT RT (x86).ActiveCfg = Release|TwinCAT RT (x86)
		{09104F2C-1356-451A-876A-738CCA020FCE}.Release|TwinCAT RT (x86).Build.0 = Release|TwinCAT RT (x86)
		{126ABC60-7D08-4031-BAF2-DC16F1AAA69B}.Debug|TwinCAT CE7 (ARMV7).ActiveCfg = Debug|TwinCAT CE7 (ARMV7)
		{126ABC60-7D08-4031-BAF2-DC16F1AAA69B}.Debug|TwinCAT OS (ARMT2).ActiveCfg = Debug|TwinCAT OS (ARMT2)
		{126ABC60-7D08-4031-BAF2-DC16F1AAA69B}.Debug|TwinCAT OS (ARMV7-A).ActiveCfg = Debug|TwinCAT CE7 (ARMV7)
		{126ABC60-7D08-4031-BAF2-DC16F1AAA69B}.Debug|TwinCAT OS (ARMV7-M).ActiveCfg = Debug|TwinCAT CE7 (ARMV7)
		{126ABC60-7D08-4031-BAF2-DC16F1AAA69B}.Debug|TwinCAT OS (ARMV8-A).ActiveCfg = Debug|TwinCAT CE7 (ARMV7)
		{126ABC60-7D08-4031-BAF2-DC16F1AAA69B}.Debug|TwinCAT OS (x64).ActiveCfg = Debug|TwinCAT OS (x64)
		{126ABC60-7D08-4031-BAF2-DC16F1AAA69B}.Debug|TwinCAT OS (x64-E).ActiveCfg = Debug|TwinCAT CE7 (ARMV7)
		{126ABC60-7D08-4031-BAF2-DC16F1AAA69B}.Debug|TwinCAT RT (x64).ActiveCfg = Debug|TwinCAT RT (x64)
		{126ABC60-7D08-4031-BAF2-DC16F1AAA69B}.Debug|TwinCAT RT (x86).ActiveCfg = Debug|TwinCAT RT (x86)
		{126ABC60-7D08-4031-BAF2-DC16F1AAA69B}.Release|TwinCAT CE7 (ARMV7).ActiveCfg = Release|TwinCAT CE7 (ARMV7)
		{126ABC60-7D08-4031-BAF2-DC16F1AAA69B}.Release|TwinCAT OS (ARMT2).ActiveCfg = Release|TwinCAT OS (ARMT2)
		{126ABC60-7D08-4031-BAF2-DC16F1AAA69B}.Release|TwinCAT OS (ARMV7-A).ActiveCfg = Release|TwinCAT CE7 (ARMV7)
		{126ABC60-7D08-4031-BAF2-DC16F1AAA69B}.Release|TwinCAT OS (ARMV7-M).ActiveCfg = Release|TwinCAT CE7 (ARMV7)
		{126ABC60-7D08-4031-BAF2-DC16F1AAA69B}.Release|TwinCAT OS (ARMV8-A).ActiveCfg = Release|TwinCAT CE7 (ARMV7)
		{126ABC60-7D08-4031-BAF2-DC16F1AAA69B}.Release|TwinCAT OS (x64).ActiveCfg = Release|TwinCAT OS (x64)
		{126ABC60-7D08-4031-BAF2-DC16F1AAA69B}.Release|TwinCAT OS (x64-E).ActiveCfg = Release|TwinCAT CE7 (ARMV7)
		{126ABC60-7D08-4031-BAF2-DC16F1AAA69B}.Release|TwinCAT RT (x64).ActiveCfg = Release|TwinCAT RT (x64)
		{126ABC60-7D08-4031-BAF2-DC16F1AAA69B}.Release|TwinCAT RT (x86).ActiveCfg = Release|TwinCAT RT (x86)
		{B6E3566F-7A30-46DE-94D1-6848A2F5B93B}.Debug|TwinCAT CE7 (ARMV7).ActiveCfg = Debug|TwinCAT CE7 (ARMV7)
		{B6E3566F-7A30-46DE-94D1-6848A2F5B93B}.Debug|TwinCAT CE7 (ARMV7).Build.0 = Debug|TwinCAT CE7 (ARMV7)
		{B6E3566F-7A30-46DE-94D1-6848A2F5B93B}.Debug|TwinCAT OS (ARMT2).ActiveCfg = Debug|TwinCAT OS (x64-E)
		{B6E3566F-7A30-46DE-94D1-6848A2F5B93B}.Debug|TwinCAT OS (ARMT2).Build.0 = Debug|TwinCAT OS (x64-E)
		{B6E3566F-7A30-46DE-94D1-6848A2F5B93B}.Debug|TwinCAT OS (ARMV7-A).ActiveCfg = Debug|TwinCAT OS (ARMV7-A)
		{B6E3566F-7A30-46DE-94D1-6848A2F5B93B}.Debug|TwinCAT OS (ARMV7-A).Build.0 = Debug|TwinCAT OS (ARMV7-A)
		{B6E3566F-7A30-46DE-94D1-6848A2F5B93B}.Debug|TwinCAT OS (ARMV7-M).ActiveCfg = Debug|TwinCAT OS (ARMV7-M)
		{B6E3566F-7A30-46DE-94D1-6848A2F5B93B}.Debug|TwinCAT OS (ARMV7-M).Build.0 = Debug|TwinCAT OS (ARMV7-M)
		{B6E3566F-7A30-46DE-94D1-6848A2F5B93B}.Debug|TwinCAT OS (ARMV8-A).ActiveCfg = Debug|TwinCAT OS (ARMV8-A)
		{B6E3566F-7A30-46DE-94D1-6848A2F5B93B}.Debug|TwinCAT OS (ARMV8-A).Build.0 = Debug|TwinCAT OS (ARMV8-A)
		{B6E3566F-7A30-46DE-94D1-6848A2F5B93B}.Debug|TwinCAT OS (x64).ActiveCfg = Debug|TwinCAT OS (x64)
		{B6E3566F-7A30-46DE-94D1-6848A2F5B93B}.Debug|TwinCAT OS (x64).Build.0 = Debug|TwinCAT OS (x64)
		{B6E3566F-7A30-46DE-94D1-6848A2F5B93B}.Debug|TwinCAT OS (x64-E).ActiveCfg = Debug|TwinCAT OS (x64-E)
		{B6E3566F-7A30-46DE-94D1-6848A2F5B93B}.Debug|TwinCAT OS (x64-E).Build.0 = Debug|TwinCAT OS (x64-E)
		{B6E3566F-7A30-46DE-94D1-6848A2F5B93B}.Debug|TwinCAT RT (x64).ActiveCfg = Debug|TwinCAT RT (x64)
		{B6E3566F-7A30-46DE-94D1-6848A2F5B93B}.Debug|TwinCAT RT (x64).Build.0 = Debug|TwinCAT RT (x64)
		{B6E3566F-7A30-46DE-94D1-6848A2F5B93B}.Debug|TwinCAT RT (x86).ActiveCfg = Debug|TwinCAT RT (x86)
		{B6E3566F-7A30-46DE-94D1-6848A2F5B93B}.Debug|TwinCAT RT (x86).Build.0 = Debug|TwinCAT RT (x86)
		{B6E3566F-7A30-46DE-94D1-6848A2F5B93B}.Release|TwinCAT CE7 (ARMV7).ActiveCfg = Release|TwinCAT CE7 (ARMV7)
		{B6E3566F-7A30-46DE-94D1-6848A2F5B93B}.Release|TwinCAT CE7 (ARMV7).Build.0 = Release|TwinCAT CE7 (ARMV7)
		{B6E3566F-7A30-46DE-94D1-6848A2F5B93B}.Release|TwinCAT OS (ARMT2).ActiveCfg = Release|TwinCAT OS (x64-E)
		{B6E3566F-7A30-46DE-94D1-6848A2F5B93B}.Release|TwinCAT OS (ARMT2).Build.0 = Release|TwinCAT OS (x64-E)
		{B6E3566F-7A30-46DE-94D1-6848A2F5B93B}.Release|TwinCAT OS (ARMV7-A).ActiveCfg = Release|TwinCAT OS (ARMV7-A)
		{B6E3566F-7A30-46DE-94D1-6848A2F5B93B}.Release|TwinCAT OS (ARMV7-A).Build.0 = Release|TwinCAT OS (ARMV7-A)
		{B6E3566F-7A30-46DE-94D1-6848A2F5B93B}.Release|TwinCAT OS (ARMV7-M).ActiveCfg = Release|TwinCAT OS (ARMV7-M)
		{B6E3566F-7A30-46DE-94D1-6848A2F5B93B}.Release|TwinCAT OS (ARMV7-M).Build.0 = Release|TwinCAT OS (ARMV7-M)
		{B6E3566F-7A30-46DE-94D1-6848A2F5B93B}.Release|TwinCAT OS (ARMV8-A).ActiveCfg = Release|TwinCAT OS (ARMV8-A)
		{B6E3566F-7A30-46DE-94D1-6848A2F5B93B}.Release|TwinCAT OS (ARMV8-A).Build.0 = Release|TwinCAT OS (ARMV8-A)
		{B6E3566F-7A30-46DE-94D1-6848A2F5B93B}.Release|TwinCAT OS (x64).ActiveCfg = Release|TwinCAT OS (x64)
		{B6E3566F-7A30-46DE-94D1-6848A2F5B93B}.Release|TwinCAT OS (x64).Build.0 = Release|TwinCAT OS (x64)
		{B6E3566F-7A30-46DE-94D1-6848A2F5B93B}.Release|TwinCAT OS (x64-E).ActiveCfg = Release|TwinCAT OS (x64-E)
		{B6E3566F-7A30-46DE-94D1-6848A2F5B93B}.Release|TwinCAT OS (x64-E).Build.0 = Release|TwinCAT OS (x64-E)
		{B6E3566F-7A30-46DE-94D1-6848A2F5B93B}.Release|TwinCAT RT (x64).ActiveCfg = Release|TwinCAT RT (x64)
		{B6E3566F-7A30-46DE-94D1-6848A2F5B93B}.Release|TwinCAT RT (x64).Build.0 = Release|TwinCAT RT (x64)
		{B6E3566F-7A30-46DE-94D1-6848A2F5B93B}.Release|TwinCAT RT (x86).ActiveCfg = Release|TwinCAT RT (x86)
		{B6E3566F-7A30-46DE-94D1-6848A2F5B93B}.Release|TwinCAT RT (x86).Build.0 = Release|TwinCAT RT (x86)
		{E837F160-3955-45BB-9FD1-2385C1824237}.Debug|TwinCAT CE7 (ARMV7).ActiveCfg = Debug|TwinCAT CE7 (ARMV7)
		{E837F160-3955-45BB-9FD1-2385C1824237}.Debug|TwinCAT CE7 (ARMV7).Build.0 = Debug|TwinCAT CE7 (ARMV7)
		{E837F160-3955-45BB-9FD1-2385C1824237}.Debug|TwinCAT OS (ARMT2).ActiveCfg = Debug|TwinCAT OS (x64-E)
		{E837F160-3955-45BB-9FD1-2385C1824237}.Debug|TwinCAT OS (ARMT2).Build.0 = Debug|TwinCAT OS (x64-E)
		{E837F160-3955-45BB-9FD1-2385C1824237}.Debug|TwinCAT OS (ARMV7-A).ActiveCfg = Debug|TwinCAT OS (ARMV7-A)
		{E837F160-3955-45BB-9FD1-2385C1824237}.Debug|TwinCAT OS (ARMV7-A).Build.0 = Debug|TwinCAT OS (ARMV7-A)
		{E837F160-3955-45BB-9FD1-2385C1824237}.Debug|TwinCAT OS (ARMV7-M).ActiveCfg = Debug|TwinCAT OS (ARMV7-M)
		{E837F160-3955-45BB-9FD1-2385C1824237}.Debug|TwinCAT OS (ARMV7-M).Build.0 = Debug|TwinCAT OS (ARMV7-M)
		{E837F160-3955-45BB-9FD1-2385C1824237}.Debug|TwinCAT OS (ARMV8-A).ActiveCfg = Debug|TwinCAT OS (ARMV8-A)
		{E837F160-3955-45BB-9FD1-2385C1824237}.Debug|TwinCAT OS (ARMV8-A).Build.0 = Debug|TwinCAT OS (ARMV8-A)
		{E837F160-3955-45BB-9FD1-2385C1824237}.Debug|TwinCAT OS (x64).ActiveCfg = Debug|TwinCAT OS (x64)
		{E837F160-3955-45BB-9FD1-2385C1824237}.Debug|TwinCAT OS (x64).Build.0 = Debug|TwinCAT OS (x64)
		{E837F160-3955-45BB-9FD1-2385C1824237}.Debug|TwinCAT OS (x64-E).ActiveCfg = Debug|TwinCAT OS (x64-E)
		{E837F160-3955-45BB-9FD1-2385C1824237}.Debug|TwinCAT OS (x64-E).Build.0 = Debug|TwinCAT OS (x64-E)
		{E837F160-3955-45BB-9FD1-2385C1824237}.Debug|TwinCAT RT (x64).ActiveCfg = Debug|TwinCAT RT (x64)
		{E837F160-3955-45BB-9FD1-2385C1824237}.Debug|TwinCAT RT (x64).Build.0 = Debug|TwinCAT RT (x64)
		{E837F160-3955-45BB-9FD1-2385C1824237}.Debug|TwinCAT RT (x86).ActiveCfg = Debug|TwinCAT RT (x86)
		{E837F160-3955-45BB-9FD1-2385C1824237}.Debug|TwinCAT RT (x86).Build.0 = Debug|TwinCAT RT (x86)
		{E837F160-3955-45BB-9FD1-2385C1824237}.Release|TwinCAT CE7 (ARMV7).ActiveCfg = Release|TwinCAT CE7 (ARMV7)
		{E837F160-3955-45BB-9FD1-2385C1824237}.Release|TwinCAT CE7 (ARMV7).Build.0 = Release|TwinCAT CE7 (ARMV7)
		{E837F160-3955-45BB-9FD1-2385C1824237}.Release|TwinCAT OS (ARMT2).ActiveCfg = Release|TwinCAT OS (x64-E)
		{E837F160-3955-45BB-9FD1-2385C1824237}.Release|TwinCAT OS (ARMT2).Build.0 = Release|TwinCAT OS (x64-E)
		{E837F160-3955-45BB-9FD1-2385C1824237}.Release|TwinCAT OS (ARMV7-A).ActiveCfg = Release|TwinCAT OS (ARMV7-A)
		{E837F160-3955-45BB-9FD1-2385C1824237}.Release|TwinCAT OS (ARMV7-A).Build.0 = Release|TwinCAT OS (ARMV7-A)
		{E837F160-3955-45BB-9FD1-2385C1824237}.Release|TwinCAT OS (ARMV7-M).ActiveCfg = Release|TwinCAT OS (ARMV7-M)
		{E837F160-3955-45BB-9FD1-2385C1824237}.Release|TwinCAT OS (ARMV7-M).Build.0 = Release|TwinCAT OS (ARMV7-M)
		{E837F160-3955-45BB-9FD1-2385C1824237}.Release|TwinCAT OS (ARMV8-A).ActiveCfg = Release|TwinCAT OS (ARMV8-A)
		{E837F160-3955-45BB-9FD1-2385C1824237}.Release|TwinCAT OS (ARMV8-A).Build.0 = Release|TwinCAT OS (ARMV8-A)
		{E837F160-3955-45BB-9FD1-2385C1824237}.Release|TwinCAT OS (x64).ActiveCfg = Release|TwinCAT OS (x64)
		{E837F160-3955-45BB-9FD1-2385C1824237}.Release|TwinCAT OS (x64).Build.0 = Release|TwinCAT OS (x64)
		{E837F160-3955-45BB-9FD1-2385C1824237}.Release|TwinCAT OS (x64-E).ActiveCfg = Release|TwinCAT OS (x64-E)
		{E837F160-3955-45BB-9FD1-2385C1824237}.Release|TwinCAT OS (x64-E).Build.0 = Release|TwinCAT OS (x64-E)
		{E837F160-3955-45BB-9FD1-2385C1824237}.Release|TwinCAT RT (x64).ActiveCfg = Release|TwinCAT RT (x64)
		{E837F160-3955-45BB-9FD1-2385C1824237}.Release|TwinCAT RT (x64).Build.0 = Release|TwinCAT RT (x64)
		{E837F160-3955-45BB-9FD1-2385C1824237}.Release|TwinCAT RT (x86).ActiveCfg = Release|TwinCAT RT (x86)
		{E837F160-3955-45BB-9FD1-2385C1824237}.Release|TwinCAT RT (x86).Build.0 = Release|TwinCAT RT (x86)
	EndGlobalSection
	GlobalSection(SolutionProperties) = preSolution
		HideSolutionNode = FALSE
	EndGlobalSection
	GlobalSection(ExtensibilityGlobals) = postSolution
		SolutionGuid = {15996032-EA28-43CB-A183-AEEB472167A4}
	EndGlobalSection
EndGlobal
